
Microsoft Visual Studio Solution File, Format Version 12.00
# Visual Studio Version 16
VisualStudioVersion = 16.0.31702.278
MinimumVisualStudioVersion = 10.0.40219.1
Project("{9A19103F-16F7-4668-BE54-9A1E7A4F7556}") = "Project1_01.08.2022", "Project1_01.08.2022.csproj", "{84C2F4EB-8E5F-4419-8130-35B73E8663B7}"
EndProject
Project("{2150E333-8FDC-42A3-9474-1A3956D46DE8}") = "Solution Items", "Solution Items", "{D62242DE-0D7D-46FA-B20D-F2F2B7ED5CEF}"
EndProject
Global
	GlobalSection(SolutionConfigurationPlatforms) = preSolution
		Debug|Any CPU = Debug|Any CPU
		Release|Any CPU = Release|Any CPU
	EndGlobalSection
	GlobalSection(ProjectConfigurationPlatforms) = postSolution
		{84C2F4EB-8E5F-4419-8130-35B73E8663B7}.Debug|Any CPU.ActiveCfg = Debug|Any CPU
		{84C2F4EB-8E5F-4419-8130-35B73E8663B7}.Debug|Any CPU.Build.0 = Debug|Any CPU
		{84C2F4EB-8E5F-4419-8130-35B73E8663B7}.Release|Any CPU.ActiveCfg = Release|Any CPU
		{84C2F4EB-8E5F-4419-8130-35B73E8663B7}.Release|Any CPU.Build.0 = Release|Any CPU
	EndGlobalSection
	GlobalSection(SolutionProperties) = preSolution
		HideSolutionNode = FALSE
	EndGlobalSection
	GlobalSection(ExtensibilityGlobals) = postSolution
		SolutionGuid = {BF99D3C9-FFAF-4EA7-B308-17BDD31F588D}
	EndGlobalSection
EndGlobal
